
Microsoft Visual Studio Solution File, Format Version 12.00
# Visual Studio 15
VisualStudioVersion = 15.0.26430.15
MinimumVisualStudioVersion = 10.0.40219.1
Project("{9A19103F-16F7-4668-BE54-9A1E7A4F7556}") = "Serilog.Sinks.Marten", "Serilog.Sinks.Marten\Serilog.Sinks.Marten.csproj", "{02B7C15A-D6BE-494F-8088-B93EFB606478}"
EndProject
Project("{9A19103F-16F7-4668-BE54-9A1E7A4F7556}") = "Serilog.Sinks.Marten.Tests", "Serilog.Sinks.Marten.Tests\Serilog.Sinks.Marten.Tests.csproj", "{03376E97-5838-4F6F-A284-2CF19F23044E}"
EndProject
Global
	GlobalSection(SolutionConfigurationPlatforms) = preSolution
		Debug|Any CPU = Debug|Any CPU
		Release|Any CPU = Release|Any CPU
	EndGlobalSection
	GlobalSection(ProjectConfigurationPlatforms) = postSolution
		{02B7C15A-D6BE-494F-8088-B93EFB606478}.Debug|Any CPU.ActiveCfg = Debug|Any CPU
		{02B7C15A-D6BE-494F-8088-B93EFB606478}.Debug|Any CPU.Build.0 = Debug|Any CPU
		{02B7C15A-D6BE-494F-8088-B93EFB606478}.Release|Any CPU.ActiveCfg = Release|Any CPU
		{02B7C15A-D6BE-494F-8088-B93EFB606478}.Release|Any CPU.Build.0 = Release|Any CPU
		{03376E97-5838-4F6F-A284-2CF19F23044E}.Debug|Any CPU.ActiveCfg = Debug|Any CPU
		{03376E97-5838-4F6F-A284-2CF19F23044E}.Debug|Any CPU.Build.0 = Debug|Any CPU
		{03376E97-5838-4F6F-A284-2CF19F23044E}.Release|Any CPU.ActiveCfg = Release|Any CPU
		{03376E97-5838-4F6F-A284-2CF19F23044E}.Release|Any CPU.Build.0 = Release|Any CPU
	EndGlobalSection
	GlobalSection(SolutionProperties) = preSolution
		HideSolutionNode = FALSE
	EndGlobalSection
EndGlobal
